
Microsoft Visual Studio Solution File, Format Version 12.00
# Visual Studio Version 17
VisualStudioVersion = 17.7.34221.43
MinimumVisualStudioVersion = 10.0.40219.1
Project("{9A19103F-16F7-4668-BE54-9A1E7A4F7556}") = "Lecture201", "Lecture201\Lecture201.csproj", "{45B2462A-FEA3-444B-A8E1-E16DD9CCD7EC}"
EndProject
Project("{9A19103F-16F7-4668-BE54-9A1E7A4F7556}") = "Lecture202", "Lecture202\Lecture202.csproj", "{E2AAB6FC-3759-44CE-86FB-0BB6F37034B3}"
EndProject
Project("{FAE04EC0-301F-11D3-BF4B-00C04F79EFBC}") = "Lecture203", "Lecture203\Lecture203.csproj", "{622E3A43-2757-45F7-9804-A11318918FE2}"
EndProject
Global
	GlobalSection(SolutionConfigurationPlatforms) = preSolution
		Debug|Any CPU = Debug|Any CPU
		Release|Any CPU = Release|Any CPU
	EndGlobalSection
	GlobalSection(ProjectConfigurationPlatforms) = postSolution
		{45B2462A-FEA3-444B-A8E1-E16DD9CCD7EC}.Debug|Any CPU.ActiveCfg = Debug|Any CPU
		{45B2462A-FEA3-444B-A8E1-E16DD9CCD7EC}.Debug|Any CPU.Build.0 = Debug|Any CPU
		{45B2462A-FEA3-444B-A8E1-E16DD9CCD7EC}.Release|Any CPU.ActiveCfg = Release|Any CPU
		{45B2462A-FEA3-444B-A8E1-E16DD9CCD7EC}.Release|Any CPU.Build.0 = Release|Any CPU
		{E2AAB6FC-3759-44CE-86FB-0BB6F37034B3}.Debug|Any CPU.ActiveCfg = Debug|Any CPU
		{E2AAB6FC-3759-44CE-86FB-0BB6F37034B3}.Debug|Any CPU.Build.0 = Debug|Any CPU
		{E2AAB6FC-3759-44CE-86FB-0BB6F37034B3}.Release|Any CPU.ActiveCfg = Release|Any CPU
		{E2AAB6FC-3759-44CE-86FB-0BB6F37034B3}.Release|Any CPU.Build.0 = Release|Any CPU
		{622E3A43-2757-45F7-9804-A11318918FE2}.Debug|Any CPU.ActiveCfg = Debug|Any CPU
		{622E3A43-2757-45F7-9804-A11318918FE2}.Debug|Any CPU.Build.0 = Debug|Any CPU
		{622E3A43-2757-45F7-9804-A11318918FE2}.Release|Any CPU.ActiveCfg = Release|Any CPU
		{622E3A43-2757-45F7-9804-A11318918FE2}.Release|Any CPU.Build.0 = Release|Any CPU
	EndGlobalSection
	GlobalSection(SolutionProperties) = preSolution
		HideSolutionNode = FALSE
	EndGlobalSection
	GlobalSection(ExtensibilityGlobals) = postSolution
		SolutionGuid = {67E46092-81B2-4FEE-8A71-F8A4D2E6212A}
	EndGlobalSection
EndGlobal
